
Microsoft Visual Studio Solution File, Format Version 12.00
# Visual Studio Version 17
VisualStudioVersion = 17.9.34622.214
MinimumVisualStudioVersion = 10.0.40219.1
Project("{FAE04EC0-301F-11D3-BF4B-00C04F79EFBC}") = "TWebProject", "TWebProject\TWebProject.csproj", "{0723872D-227E-46B3-B38B-8C37B7FCD16E}"
EndProject
Global
	GlobalSection(SolutionConfigurationPlatforms) = preSolution
		Debug|Any CPU = Debug|Any CPU
		Release|Any CPU = Release|Any CPU
	EndGlobalSection
	GlobalSection(ProjectConfigurationPlatforms) = postSolution
		{0723872D-227E-46B3-B38B-8C37B7FCD16E}.Debug|Any CPU.ActiveCfg = Debug|Any CPU
		{0723872D-227E-46B3-B38B-8C37B7FCD16E}.Debug|Any CPU.Build.0 = Debug|Any CPU
		{0723872D-227E-46B3-B38B-8C37B7FCD16E}.Release|Any CPU.ActiveCfg = Release|Any CPU
		{0723872D-227E-46B3-B38B-8C37B7FCD16E}.Release|Any CPU.Build.0 = Release|Any CPU
	EndGlobalSection
	GlobalSection(SolutionProperties) = preSolution
		HideSolutionNode = FALSE
	EndGlobalSection
	GlobalSection(ExtensibilityGlobals) = postSolution
		SolutionGuid = {DF942117-E753-4794-9F1B-179565A888E9}
	EndGlobalSection
EndGlobal
